<?xml version="1.0"?>
<CONFIG>
  <ProjectOptions>
    <PathDelim Value="\"/>
    <Version Value="7"/>
    <General>
      <Flags>
        <LRSInOutputDirectory Value="False"/>
      </Flags>
      <MainUnit Value="0"/>
      <TargetFileExt Value=""/>
      <ActiveEditorIndexAtStart Value="0"/>
    </General>
    <VersionInfo>
      <ProjectVersion Value=""/>
      <Language Value=""/>
      <CharSet Value=""/>
    </VersionInfo>
    <PublishOptions>
      <Version Value="2"/>
      <DestinationDirectory Value="$(TestDir)\publishedproject\"/>
      <IgnoreBinaries Value="False"/>
      <IncludeFileFilter Value="*.(pas|pp|inc|lfm|lpr|lrs|lpi|lpk|sh|xml)"/>
      <ExcludeFileFilter Value="*.(bak|ppu|ppw|o|so);*~;backup"/>
    </PublishOptions>
    <RunParams>
      <local>
        <FormatVersion Value="1"/>
        <LaunchingApplication PathPlusParams="\usr\X11R6\bin\xterm -T 'Lazarus Run Output' -e $(LazarusDir)\tools\runwait.sh $(TargetCmdLine)"/>
      </local>
    </RunParams>
    <RequiredPackages Count="1">
      <Item1>
        <PackageName Value="LCL"/>
      </Item1>
    </RequiredPackages>
    <Units Count="16">
      <Unit0>
        <Filename Value="curverecondriver.lpr"/>
        <IsPartOfProject Value="True"/>
        <UnitName Value="curverecondriver"/>
        <CursorPos X="1" Y="17"/>
        <TopLine Value="1"/>
        <EditorIndex Value="1"/>
        <UsageCount Value="39"/>
        <Loaded Value="True"/>
      </Unit0>
      <Unit1>
        <Filename Value="mainform.pas"/>
        <ComponentName Value="Form1"/>
        <IsPartOfProject Value="True"/>
        <ResourceBaseClass Value="Form"/>
        <UnitName Value="mainform"/>
        <CursorPos X="33" Y="167"/>
        <TopLine Value="148"/>
        <EditorIndex Value="0"/>
        <UsageCount Value="39"/>
        <Loaded Value="True"/>
      </Unit1>
      <Unit2>
        <Filename Value="curverecon.pas"/>
        <IsPartOfProject Value="True"/>
        <UnitName Value="CurveRecon"/>
        <CursorPos X="1" Y="426"/>
        <TopLine Value="431"/>
        <EditorIndex Value="2"/>
        <UsageCount Value="39"/>
        <Loaded Value="True"/>
      </Unit2>
      <Unit3>
        <Filename Value="..\..\usr\lib\lazarus\lcl\include\control.inc"/>
        <CursorPos X="1" Y="2096"/>
        <TopLine Value="2071"/>
        <UsageCount Value="10"/>
      </Unit3>
      <Unit4>
        <Filename Value="..\..\usr\lib\lazarus\lcl\include\buttoncontrol.inc"/>
        <CursorPos X="1" Y="58"/>
        <TopLine Value="33"/>
        <UsageCount Value="10"/>
      </Unit4>
      <Unit5>
        <Filename Value="..\..\usr\lib\lazarus\lcl\include\buttons.inc"/>
        <CursorPos X="1" Y="241"/>
        <TopLine Value="217"/>
        <UsageCount Value="10"/>
      </Unit5>
      <Unit6>
        <Filename Value="..\..\usr\lib\lazarus\lcl\include\wincontrol.inc"/>
        <CursorPos X="1" Y="4749"/>
        <TopLine Value="4724"/>
        <UsageCount Value="10"/>
      </Unit6>
      <Unit7>
        <Filename Value="..\..\usr\lib\lazarus\lcl\include\customcheckbox.inc"/>
        <CursorPos X="1" Y="126"/>
        <TopLine Value="102"/>
        <UsageCount Value="10"/>
      </Unit7>
      <Unit8>
        <Filename Value="algorithms.pas"/>
        <IsPartOfProject Value="True"/>
        <UnitName Value="Algorithms"/>
        <CursorPos X="1" Y="212"/>
        <TopLine Value="194"/>
        <EditorIndex Value="3"/>
        <UsageCount Value="32"/>
        <Loaded Value="True"/>
      </Unit8>
      <Unit9>
        <Filename Value="tmp_nnsearch.pas"/>
        <UnitName Value="tmp_nnsearch"/>
        <CursorPos X="16" Y="83"/>
        <TopLine Value="31"/>
        <UsageCount Value="10"/>
      </Unit9>
      <Unit10>
        <Filename Value="..\..\..\lazarus\lcl\include\control.inc"/>
        <CursorPos X="1" Y="1583"/>
        <TopLine Value="1565"/>
        <UsageCount Value="11"/>
      </Unit10>
      <Unit11>
        <Filename Value="..\..\..\lazarus\lcl\include\buttoncontrol.inc"/>
        <CursorPos X="1" Y="53"/>
        <TopLine Value="35"/>
        <UsageCount Value="11"/>
      </Unit11>
      <Unit12>
        <Filename Value="..\..\..\lazarus\lcl\include\buttons.inc"/>
        <CursorPos X="1" Y="186"/>
        <TopLine Value="168"/>
        <UsageCount Value="11"/>
      </Unit12>
      <Unit13>
        <Filename Value="..\..\..\lazarus\lcl\include\wincontrol.inc"/>
        <CursorPos X="1" Y="4750"/>
        <TopLine Value="4732"/>
        <UsageCount Value="11"/>
      </Unit13>
      <Unit14>
        <Filename Value="..\..\..\lazarus\lcl\lclmessageglue.pas"/>
        <UnitName Value="LCLMessageGlue"/>
        <CursorPos X="1" Y="109"/>
        <TopLine Value="91"/>
        <UsageCount Value="11"/>
      </Unit14>
      <Unit15>
        <Filename Value="..\..\..\lazarus\lcl\interfaces\win32\win32callback.inc"/>
        <CursorPos X="1" Y="2565"/>
        <TopLine Value="2547"/>
        <UsageCount Value="11"/>
      </Unit15>
    </Units>
    <JumpHistory Count="30" HistoryIndex="29">
      <Position1>
        <Filename Value="mainform.pas"/>
        <Caret Line="255" Column="1" TopLine="238"/>
      </Position1>
      <Position2>
        <Filename Value="mainform.pas"/>
        <Caret Line="257" Column="11" TopLine="240"/>
      </Position2>
      <Position3>
        <Filename Value="mainform.pas"/>
        <Caret Line="255" Column="1" TopLine="238"/>
      </Position3>
      <Position4>
        <Filename Value="mainform.pas"/>
        <Caret Line="254" Column="1" TopLine="237"/>
      </Position4>
      <Position5>
        <Filename Value="mainform.pas"/>
        <Caret Line="256" Column="1" TopLine="239"/>
      </Position5>
      <Position6>
        <Filename Value="mainform.pas"/>
        <Caret Line="255" Column="1" TopLine="238"/>
      </Position6>
      <Position7>
        <Filename Value="mainform.pas"/>
        <Caret Line="254" Column="1" TopLine="237"/>
      </Position7>
      <Position8>
        <Filename Value="mainform.pas"/>
        <Caret Line="255" Column="1" TopLine="238"/>
      </Position8>
      <Position9>
        <Filename Value="mainform.pas"/>
        <Caret Line="256" Column="1" TopLine="239"/>
      </Position9>
      <Position10>
        <Filename Value="mainform.pas"/>
        <Caret Line="254" Column="1" TopLine="237"/>
      </Position10>
      <Position11>
        <Filename Value="mainform.pas"/>
        <Caret Line="255" Column="1" TopLine="238"/>
      </Position11>
      <Position12>
        <Filename Value="mainform.pas"/>
        <Caret Line="256" Column="1" TopLine="239"/>
      </Position12>
      <Position13>
        <Filename Value="mainform.pas"/>
        <Caret Line="254" Column="1" TopLine="237"/>
      </Position13>
      <Position14>
        <Filename Value="mainform.pas"/>
        <Caret Line="255" Column="1" TopLine="238"/>
      </Position14>
      <Position15>
        <Filename Value="mainform.pas"/>
        <Caret Line="259" Column="1" TopLine="242"/>
      </Position15>
      <Position16>
        <Filename Value="mainform.pas"/>
        <Caret Line="268" Column="1" TopLine="258"/>
      </Position16>
      <Position17>
        <Filename Value="mainform.pas"/>
        <Caret Line="270" Column="1" TopLine="253"/>
      </Position17>
      <Position18>
        <Filename Value="mainform.pas"/>
        <Caret Line="271" Column="1" TopLine="254"/>
      </Position18>
      <Position19>
        <Filename Value="mainform.pas"/>
        <Caret Line="272" Column="1" TopLine="255"/>
      </Position19>
      <Position20>
        <Filename Value="mainform.pas"/>
        <Caret Line="269" Column="1" TopLine="252"/>
      </Position20>
      <Position21>
        <Filename Value="mainform.pas"/>
        <Caret Line="273" Column="1" TopLine="256"/>
      </Position21>
      <Position22>
        <Filename Value="mainform.pas"/>
        <Caret Line="272" Column="1" TopLine="255"/>
      </Position22>
      <Position23>
        <Filename Value="mainform.pas"/>
        <Caret Line="271" Column="1" TopLine="254"/>
      </Position23>
      <Position24>
        <Filename Value="mainform.pas"/>
        <Caret Line="273" Column="1" TopLine="256"/>
      </Position24>
      <Position25>
        <Filename Value="mainform.pas"/>
        <Caret Line="271" Column="1" TopLine="254"/>
      </Position25>
      <Position26>
        <Filename Value="mainform.pas"/>
        <Caret Line="272" Column="1" TopLine="255"/>
      </Position26>
      <Position27>
        <Filename Value="mainform.pas"/>
        <Caret Line="273" Column="1" TopLine="256"/>
      </Position27>
      <Position28>
        <Filename Value="mainform.pas"/>
        <Caret Line="261" Column="1" TopLine="244"/>
      </Position28>
      <Position29>
        <Filename Value="mainform.pas"/>
        <Caret Line="249" Column="18" TopLine="237"/>
      </Position29>
      <Position30>
        <Filename Value="curverecondriver.lpr"/>
        <Caret Line="1" Column="1" TopLine="1"/>
      </Position30>
    </JumpHistory>
  </ProjectOptions>
  <CompilerOptions>
    <Version Value="8"/>
    <PathDelim Value="\"/>
    <Linking>
      <Options>
        <Win32>
          <GraphicApplication Value="True"/>
        </Win32>
      </Options>
    </Linking>
    <Other>
      <CompilerPath Value="$(CompPath)"/>
    </Other>
  </CompilerOptions>
  <Debugging>
    <BreakPoints Count="1">
      <Item1>
        <Source Value="algorithms.pas"/>
        <Line Value="457"/>
      </Item1>
    </BreakPoints>
    <Watches Count="11">
      <Item1>
        <Expression Value="Kleur"/>
      </Item1>
      <Item2>
        <Expression Value="Tree^.Kleur"/>
      </Item2>
      <Item3>
        <Expression Value="X"/>
      </Item3>
      <Item4>
        <Expression Value="Y"/>
      </Item4>
      <Item5>
        <Expression Value="Xs"/>
      </Item5>
      <Item6>
        <Expression Value="Ys"/>
      </Item6>
      <Item7>
        <Expression Value="PuntX"/>
      </Item7>
      <Item8>
        <Expression Value="t"/>
      </Item8>
      <Item9>
        <Expression Value="NrOfP"/>
      </Item9>
      <Item10>
        <Expression Value="CountP"/>
      </Item10>
      <Item11>
        <Expression Value="NrOfPInt"/>
      </Item11>
    </Watches>
    <Exceptions Count="2">
      <Item1>
        <Name Value="ECodetoolError"/>
      </Item1>
      <Item2>
        <Name Value="EFOpenError"/>
      </Item2>
    </Exceptions>
  </Debugging>
</CONFIG>
